
Microsoft Visual Studio Solution File, Format Version 12.00
# Visual Studio Version 17
VisualStudioVersion = 17.13.36105.23
MinimumVisualStudioVersion = 10.0.40219.1
Project("{FAE04EC0-301F-11D3-BF4B-00C04F79EFBC}") = "ToDo", "ToDo\ToDo.csproj", "{8C756252-C7A3-4C82-AB28-1F3F407FA98A}"
EndProject
Project("{FAE04EC0-301F-11D3-BF4B-00C04F79EFBC}") = "ToDO.Tests", "ToDO.Tests\ToDO.Tests.csproj", "{346D724F-16F1-42E8-95EE-3566154EAE48}"
EndProject
Global
	GlobalSection(SolutionConfigurationPlatforms) = preSolution
		Debug|Any CPU = Debug|Any CPU
		Release|Any CPU = Release|Any CPU
	EndGlobalSection
	GlobalSection(ProjectConfigurationPlatforms) = postSolution
		{8C756252-C7A3-4C82-AB28-1F3F407FA98A}.Debug|Any CPU.ActiveCfg = Debug|Any CPU
		{8C756252-C7A3-4C82-AB28-1F3F407FA98A}.Debug|Any CPU.Build.0 = Debug|Any CPU
		{8C756252-C7A3-4C82-AB28-1F3F407FA98A}.Release|Any CPU.ActiveCfg = Release|Any CPU
		{8C756252-C7A3-4C82-AB28-1F3F407FA98A}.Release|Any CPU.Build.0 = Release|Any CPU
		{346D724F-16F1-42E8-95EE-3566154EAE48}.Debug|Any CPU.ActiveCfg = Debug|Any CPU
		{346D724F-16F1-42E8-95EE-3566154EAE48}.Debug|Any CPU.Build.0 = Debug|Any CPU
		{346D724F-16F1-42E8-95EE-3566154EAE48}.Release|Any CPU.ActiveCfg = Release|Any CPU
		{346D724F-16F1-42E8-95EE-3566154EAE48}.Release|Any CPU.Build.0 = Release|Any CPU
	EndGlobalSection
	GlobalSection(SolutionProperties) = preSolution
		HideSolutionNode = FALSE
	EndGlobalSection
	GlobalSection(ExtensibilityGlobals) = postSolution
		SolutionGuid = {ACAA686F-7517-4FEE-BE1D-81AA40969540}
	EndGlobalSection
EndGlobal
